
Microsoft Visual Studio Solution File, Format Version 12.00
# Visual Studio 15
VisualStudioVersion = 15.0.28307.329
MinimumVisualStudioVersion = 10.0.40219.1
Project("{FAE04EC0-301F-11D3-BF4B-00C04F79EFBC}") = "OlaMundo", "OlaMundo\OlaMundo.csproj", "{1B8DDD85-E040-42BA-8825-E5DE6BE8BABF}"
EndProject
Global
	GlobalSection(SolutionConfigurationPlatforms) = preSolution
		Debug|Any CPU = Debug|Any CPU
		Release|Any CPU = Release|Any CPU
	EndGlobalSection
	GlobalSection(ProjectConfigurationPlatforms) = postSolution
		{1B8DDD85-E040-42BA-8825-E5DE6BE8BABF}.Debug|Any CPU.ActiveCfg = Debug|Any CPU
		{1B8DDD85-E040-42BA-8825-E5DE6BE8BABF}.Debug|Any CPU.Build.0 = Debug|Any CPU
		{1B8DDD85-E040-42BA-8825-E5DE6BE8BABF}.Release|Any CPU.ActiveCfg = Release|Any CPU
		{1B8DDD85-E040-42BA-8825-E5DE6BE8BABF}.Release|Any CPU.Build.0 = Release|Any CPU
	EndGlobalSection
	GlobalSection(SolutionProperties) = preSolution
		HideSolutionNode = FALSE
	EndGlobalSection
	GlobalSection(ExtensibilityGlobals) = postSolution
		SolutionGuid = {EBC66DB3-4EC9-4A9D-8610-72B05EA9CE56}
	EndGlobalSection
EndGlobal
